
Microsoft Visual Studio Solution File, Format Version 12.00
# Visual Studio 15
VisualStudioVersion = 15.0.26730.16
MinimumVisualStudioVersion = 10.0.40219.1
Project("{2150E333-8FDC-42A3-9474-1A3956D46DE8}") = "src", "src", "{B59F042A-3738-4207-A086-A048580FF0E3}"
EndProject
Project("{9A19103F-16F7-4668-BE54-9A1E7A4F7556}") = "Serilog.Sinks.AzureAnalytics", "src\Serilog.Sinks.AzureAnalytics\Serilog.Sinks.AzureAnalytics.csproj", "{5F86440C-1EE0-4955-929E-AEBDEBF04847}"
EndProject
Project("{2150E333-8FDC-42A3-9474-1A3956D46DE8}") = "test", "test", "{FC3E558B-86FD-40D3-BB2D-DE9F6C2EB7D1}"
EndProject
Project("{FAE04EC0-301F-11D3-BF4B-00C04F79EFBC}") = "WriteToLog", "WriteToLog\WriteToLog.csproj", "{E65BF4D8-DA84-4DD9-9357-F69A5812CC4D}"
EndProject
Global
	GlobalSection(SolutionConfigurationPlatforms) = preSolution
		Debug|Any CPU = Debug|Any CPU
		Release|Any CPU = Release|Any CPU
	EndGlobalSection
	GlobalSection(ProjectConfigurationPlatforms) = postSolution
		{5F86440C-1EE0-4955-929E-AEBDEBF04847}.Debug|Any CPU.ActiveCfg = Debug|Any CPU
		{5F86440C-1EE0-4955-929E-AEBDEBF04847}.Debug|Any CPU.Build.0 = Debug|Any CPU
		{5F86440C-1EE0-4955-929E-AEBDEBF04847}.Release|Any CPU.ActiveCfg = Release|Any CPU
		{5F86440C-1EE0-4955-929E-AEBDEBF04847}.Release|Any CPU.Build.0 = Release|Any CPU
		{E65BF4D8-DA84-4DD9-9357-F69A5812CC4D}.Debug|Any CPU.ActiveCfg = Debug|Any CPU
		{E65BF4D8-DA84-4DD9-9357-F69A5812CC4D}.Debug|Any CPU.Build.0 = Debug|Any CPU
		{E65BF4D8-DA84-4DD9-9357-F69A5812CC4D}.Release|Any CPU.ActiveCfg = Release|Any CPU
		{E65BF4D8-DA84-4DD9-9357-F69A5812CC4D}.Release|Any CPU.Build.0 = Release|Any CPU
	EndGlobalSection
	GlobalSection(SolutionProperties) = preSolution
		HideSolutionNode = FALSE
	EndGlobalSection
	GlobalSection(NestedProjects) = preSolution
		{5F86440C-1EE0-4955-929E-AEBDEBF04847} = {B59F042A-3738-4207-A086-A048580FF0E3}
		{E65BF4D8-DA84-4DD9-9357-F69A5812CC4D} = {FC3E558B-86FD-40D3-BB2D-DE9F6C2EB7D1}
	EndGlobalSection
	GlobalSection(ExtensibilityGlobals) = postSolution
		SolutionGuid = {41D220A8-FAC8-4FCB-8187-EFEE2DA44FD3}
	EndGlobalSection
EndGlobal
